{
  "nodes": {
    "etheorem": {
      "flake": false,
      "locked": {
        "lastModified": 1783532102,
        "narHash": "sha256-ipM9VTRNJx5GKSZ2QXMjN1jGVSWTAS+rzSPyMU24paM=",
        "owner": "etheorem",
        "repo": "etheorem",
        "rev": "032ab6c6d67186ba60b734e0f2c44ba1bb8b6fb0",
        "type": "github"
      },
      "original": {
        "owner": "etheorem",
        "repo": "etheorem",
        "rev": "032ab6c6d67186ba60b734e0f2c44ba1bb8b6fb0",
        "type": "github"
      }
    },
    "evmSail": {
      "flake": false,
      "locked": {
        "lastModified": 1786322618,
        "narHash": "sha256-bPk8TKtbtsXH8/An3thERju18aAJZURpckQkDO1xzag=",
        "owner": "frisitano",
        "repo": "evm-sail",
        "rev": "d0e4aabdde52f9158d191dbc8add444abffd9a6a",
        "type": "github"
      },
      "original": {
        "owner": "frisitano",
        "repo": "evm-sail",
        "rev": "d0e4aabdde52f9158d191dbc8add444abffd9a6a",
        "type": "github"
      }
    },
    "evmSailCompiler": {
      "flake": false,
      "locked": {
        "lastModified": 1786238299,
        "narHash": "sha256-NYOdGg4JQvdjiE0jAiniQyeZau7ojd7V+igite5qI/4=",
        "owner": "frisitano",
        "repo": "sail",
        "rev": "25cc260d9940d65d2e5da427fe4b5d402809a50c",
        "type": "github"
      },
      "original": {
        "owner": "frisitano",
        "repo": "sail",
        "rev": "25cc260d9940d65d2e5da427fe4b5d402809a50c",
        "type": "github"
      }
    },
    "executionSpecs": {
      "flake": false,
      "locked": {
        "lastModified": 1782749897,
        "narHash": "sha256-M07KTlSrwaRTTQWT1Q67TJoEarIomvHTTPswHzK2YnQ=",
        "owner": "ethereum",
        "repo": "execution-specs",
        "rev": "bd8c673552d957dbe9c9f3f2656b87201f5ae646",
        "type": "github"
      },
      "original": {
        "owner": "ethereum",
        "repo": "execution-specs",
        "rev": "bd8c673552d957dbe9c9f3f2656b87201f5ae646",
        "type": "github"
      }
    },
    "leanSail": {
      "flake": false,
      "locked": {
        "lastModified": 1775733076,
        "narHash": "sha256-fR/AHGfbqIsHgCzD//N9HsXVKLfmxOksPN8M7cwLfUs=",
        "owner": "rems-project",
        "repo": "lean-sail",
        "rev": "79b4d08505af29d88b3918f32d29840fae1fa191",
        "type": "github"
      },
      "original": {
        "owner": "rems-project",
        "repo": "lean-sail",
        "rev": "79b4d08505af29d88b3918f32d29840fae1fa191",
        "type": "github"
      }
    },
    "nixpkgs": {
      "locked": {
        "lastModified": 1783279667,
        "narHash": "sha256-/NAkDSsve+GNM0Bt6tleJdCGfsTlK89nPjkVOzZMo0s=",
        "owner": "NixOS",
        "repo": "nixpkgs",
        "rev": "f205b5574fd0cb7da5b702a2da51507b7f4fdd1b",
        "type": "github"
      },
      "original": {
        "owner": "NixOS",
        "ref": "nixpkgs-unstable",
        "repo": "nixpkgs",
        "type": "github"
      }
    },
    "root": {
      "inputs": {
        "etheorem": "etheorem",
        "evmSail": "evmSail",
        "evmSailCompiler": "evmSailCompiler",
        "executionSpecs": "executionSpecs",
        "leanSail": "leanSail",
        "nixpkgs": "nixpkgs",
        "sailRiscv": "sailRiscv",
        "zesu": "zesu",
        "zesuRepaired": "zesuRepaired"
      }
    },
    "sailRiscv": {
      "flake": false,
      "locked": {
        "lastModified": 1780709230,
        "narHash": "sha256-pi/XP6+NX/wNpBESmnEg2d5cppMpMwFripDPk9vTx9I=",
        "owner": "riscv",
        "repo": "sail-riscv",
        "rev": "65ddde80ee2b131bf46c20e6e748343c336c4071",
        "type": "github"
      },
      "original": {
        "owner": "riscv",
        "repo": "sail-riscv",
        "rev": "65ddde80ee2b131bf46c20e6e748343c336c4071",
        "type": "github"
      }
    },
    "zesu": {
      "flake": false,
      "locked": {
        "lastModified": 1784746951,
        "narHash": "sha256-cpTn7GqqAmtYN5Tr5AhYmPJ+GVOTkdV9sLMSKO1e9CY=",
        "owner": "Consensys",
        "repo": "zesu",
        "rev": "d8071c422f0faf2c52d85b401192fdffc31fd5ac",
        "type": "github"
      },
      "original": {
        "owner": "Consensys",
        "repo": "zesu",
        "rev": "d8071c422f0faf2c52d85b401192fdffc31fd5ac",
        "type": "github"
      }
    },
    "zesuRepaired": {
      "flake": false,
      "locked": {
        "lastModified": 1784003015,
        "narHash": "sha256-rGSzr98y2iOMzKMpEuTA4scGr7x/e5luKiqhJ7Fv0UA=",
        "owner": "codygunton",
        "repo": "zesu",
        "rev": "96f1621468ba54755d653f19cbc9704e789be001",
        "type": "github"
      },
      "original": {
        "owner": "codygunton",
        "repo": "zesu",
        "rev": "96f1621468ba54755d653f19cbc9704e789be001",
        "type": "github"
      }
    }
  },
  "root": "root",
  "version": 7
}
